// !$*UTF8*$!
{
	archiveVersion = 1;
	classes = {
	};
	objectVersion = 46;
	objects = {

/* Begin PBXBuildFile section */
		6A1760B11D491F9800A50A95 /* AppDelegate.swift in Sources */ = {isa = PBXBuildFile; fileRef = 6A1760B01D491F9800A50A95 /* AppDelegate.swift */; };
		6A1760B31D491F9800A50A95 /* ViewController.swift in Sources */ = {isa = PBXBuildFile; fileRef = 6A1760B21D491F9800A50A95 /* ViewController.swift */; };
		6A1760B61D491F9800A50A95 /* Main.storyboard in Resources */ = {isa = PBXBuildFile; fileRef = 6A1760B41D491F9800A50A95 /* Main.storyboard */; };
		6A1760B81D491F9800A50A95 /* Assets.xcassets in Resources */ = {isa = PBXBuildFile; fileRef = 6A1760B71D491F9800A50A95 /* Assets.xcassets */; };
		6A1760BB1D491F9800A50A95 /* LaunchScreen.storyboard in Resources */ = {isa = PBXBuildFile; fileRef = 6A1760B91D491F9800A50A95 /* LaunchScreen.storyboard */; };
		6A1760C61D491F9800A50A95 /* DeeepTests.swift in Sources */ = {isa = PBXBuildFile; fileRef = 6A1760C51D491F9800A50A95 /* DeeepTests.swift */; };
/* End PBXBuildFile section */

/* Begin PBXContainerItemProxy section */
		6A1760C21D491F9800A50A95 /* PBXContainerItemProxy */ = {
			isa = PBXContainerItemProxy;
			containerPortal = 6A1760A51D491F9800A50A95 /* Project object */;
			proxyType = 1;
			remoteGlobalIDString = 6A1760AC1D491F9800A50A95;
			remoteInfo = Deeep;
		};
/* End PBXContainerItemProxy section */

/* Begin PBXFileReference section */
		6A1760AD1D491F9800A50A95 /* Deeep.app */ = {isa = PBXFileReference; explicitFileType = wrapper.application; includeInIndex = 0; path = Deeep.app; sourceTree = BUILT_PRODUCTS_DIR; };
		6A1760B01D491F9800A50A95 /* AppDelegate.swift */ = {isa = PBXFileReference; lastKnownFileType = sourcecode.swift; path = AppDelegate.swift; sourceTree = "<group>"; };
		6A1760B21D491F9800A50A95 /* ViewController.swift */ = {isa = PBXFileReference; lastKnownFileType = sourcecode.swift; path = ViewController.swift; sourceTree = "<group>"; };
		6A1760B51D491F9800A50A95 /* Base */ = {isa = PBXFileReference; lastKnownFileType = file.storyboard; name = Base; path = Base.lproj/Main.storyboard; sourceTree = "<group>"; };
		6A1760B71D491F9800A50A95 /* Assets.xcassets */ = {isa = PBXFileReference; lastKnownFileType = folder.assetcatalog; path = Assets.xcassets; sourceTree = "<group>"; };
		6A1760BA1D491F9800A50A95 /* Base */ = {isa = PBXFileReference; lastKnownFileType = file.storyboard; name = Base; path = Base.lproj/LaunchScreen.storyboard; sourceTree = "<group>"; };
		6A1760BC1D491F9800A50A95 /* Info.plist */ = {isa = PBXFileReference; lastKnownFileType = text.plist.xml; path = Info.plist; sourceTree = "<group>"; };
		6A1760C11D491F9800A50A95 /* DeeepTests.xctest */ = {isa = PBXFileReference; explicitFileType = wrapper.cfbundle; includeInIndex = 0; path = DeeepTests.xctest; sourceTree = BUILT_PRODUCTS_DIR; };
		6A1760C51D491F9800A50A95 /* DeeepTests.swift */ = {isa = PBXFileReference; lastKnownFileType = sourcecode.swift; path = DeeepTests.swift; sourceTree = "<group>"; };
		6A1760C71D491F9800A50A95 /* Info.plist */ = {isa = PBXFileReference; lastKnownFileType = text.plist.xml; path = Info.plist; sourceTree = "<group>"; };
/* End PBXFileReference section */

/* Begin PBXFrameworksBuildPhase section */
		6A1760AA1D491F9800A50A95 /* Frameworks */ = {
			isa = PBXFrameworksBuildPhase;
			buildActionMask = 2147483647;
			files = (
			);
			runOnlyForDeploymentPostprocessing = 0;
		};
		6A1760BE1D491F9800A50A95 /* Frameworks */ = {
			isa = PBXFrameworksBuildPhase;
			buildActionMask = 2147483647;
			files = (
			);
			runOnlyForDeploymentPostprocessing = 0;
		};
/* End PBXFrameworksBuildPhase section */

/* Begin PBXGroup section */
		6A1760A41D491F9800A50A95 = {
			isa = PBXGroup;
			children = (
				6A1760AF1D491F9800A50A95 /* Deeep */,
				6A1760C41D491F9800A50A95 /* DeeepTests */,
				6A1760AE1D491F9800A50A95 /* Products */,
			);
			sourceTree = "<group>";
		};
		6A1760AE1D491F9800A50A95 /* Products */ = {
			isa = PBXGroup;
			children = (
				6A1760AD1D491F9800A50A95 /* Deeep.app */,
				6A1760C11D491F9800A50A95 /* DeeepTests.xctest */,
			);
			name = Products;
			sourceTree = "<group>";
		};
		6A1760AF1D491F9800A50A95 /* Deeep */ = {
			isa = PBXGroup;
			children = (
				6A1760B01D491F9800A50A95 /* AppDelegate.swift */,
				6A1760B21D491F9800A50A95 /* ViewController.swift */,
				6A1760B41D491F9800A50A95 /* Main.storyboard */,
				6A1760B71D491F9800A50A95 /* Assets.xcassets */,
				6A1760B91D491F9800A50A95 /* LaunchScreen.storyboard */,
				6A1760BC1D491F9800A50A95 /* Info.plist */,
			);
			path = Deeep;
			sourceTree = "<group>";
		};
		6A1760C41D491F9800A50A95 /* DeeepTests */ = {
			isa = PBXGroup;
			children = (
				6A1760C51D491F9800A50A95 /* DeeepTests.swift */,
				6A1760C71D491F9800A50A95 /* Info.plist */,
			);
			path = DeeepTests;
			sourceTree = "<group>";
		};
/* End PBXGroup section */

/* Begin PBXNativeTarget section */
		6A1760AC1D491F9800A50A95 /* Deeep */ = {
			isa = PBXNativeTarget;
			buildConfigurationList = 6A1760CA1D491F9800A50A95 /* Build configuration list for PBXNativeTarget "Deeep" */;
			buildPhases = (
				6A1760A91D491F9800A50A95 /* Sources */,
				6A1760AA1D491F9800A50A95 /* Frameworks */,
				6A1760AB1D491F9800A50A95 /* Resources */,
			);
			buildRules = (
			);
			dependencies = (
			);
			name = Deeep;
			productName = Deeep;
			productReference = 6A1760AD1D491F9800A50A95 /* Deeep.app */;
			productType = "com.apple.product-type.application";
		};
		6A1760C01D491F9800A50A95 /* DeeepTests */ = {
			isa = PBXNativeTarget;
			buildConfigurationList = 6A1760CD1D491F9800A50A95 /* Build configuration list for PBXNativeTarget "DeeepTests" */;
			buildPhases = (
				6A1760BD1D491F9800A50A95 /* Sources */,
				6A1760BE1D491F9800A50A95 /* Frameworks */,
				6A1760BF1D491F9800A50A95 /* Resources */,
			);
			buildRules = (
			);
			dependencies = (
				6A1760C31D491F9800A50A95 /* PBXTargetDependency */,
			);
			name = DeeepTests;
			productName = DeeepTests;
			productReference = 6A1760C11D491F9800A50A95 /* DeeepTests.xctest */;
			productType = "com.apple.product-type.bundle.unit-test";
		};
/* End PBXNativeTarget section */

/* Begin PBXProject section */
		6A1760A51D491F9800A50A95 /* Project object */ = {
			isa = PBXProject;
			attributes = {
				LastSwiftUpdateCheck = 0730;
				LastUpgradeCheck = 0730;
				ORGANIZATIONNAME = "Jirat Ki. (n3tr)";
				TargetAttributes = {
					6A1760AC1D491F9800A50A95 = {
						CreatedOnToolsVersion = 7.3.1;
					};
					6A1760C01D491F9800A50A95 = {
						CreatedOnToolsVersion = 7.3.1;
						TestTargetID = 6A1760AC1D491F9800A50A95;
					};
				};
			};
			buildConfigurationList = 6A1760A81D491F9800A50A95 /* Build configuration list for PBXProject "Deeep" */;
			compatibilityVersion = "Xcode 3.2";
			developmentRegion = English;
			hasScannedForEncodings = 0;
			knownRegions = (
				en,
				Base,
			);
			mainGroup = 6A1760A41D491F9800A50A95;
			productRefGroup = 6A1760AE1D491F9800A50A95 /* Products */;
			projectDirPath = "";
			projectRoot = "";
			targets = (
				6A1760AC1D491F9800A50A95 /* Deeep */,
				6A1760C01D491F9800A50A95 /* DeeepTests */,
			);
		};
/* End PBXProject section */

/* Begin PBXResourcesBuildPhase section */
		6A1760AB1D491F9800A50A95 /* Resources */ = {
			isa = PBXResourcesBuildPhase;
			buildActionMask = 2147483647;
			files = (
				6A1760BB1D491F9800A50A95 /* LaunchScreen.storyboard in Resources */,
				6A1760B81D491F9800A50A95 /* Assets.xcassets in Resources */,
				6A1760B61D491F9800A50A95 /* Main.storyboard in Resources */,
			);
			runOnlyForDeploymentPostprocessing = 0;
		};
		6A1760BF1D491F9800A50A95 /* Resources */ = {
			isa = PBXResourcesBuildPhase;
			buildActionMask = 2147483647;
			files = (
			);
			runOnlyForDeploymentPostprocessing = 0;
		};
/* End PBXResourcesBuildPhase section */

/* Begin PBXSourcesBuildPhase section */
		6A1760A91D491F9800A50A95 /* Sources */ = {
			isa = PBXSourcesBuildPhase;
			buildActionMask = 2147483647;
			files = (
				6A1760B31D491F9800A50A95 /* ViewController.swift in Sources */,
				6A1760B11D491F9800A50A95 /* AppDelegate.swift in Sources */,
			);
			runOnlyForDeploymentPostprocessing = 0;
		};
		6A1760BD1D491F9800A50A95 /* Sources */ = {
			isa = PBXSourcesBuildPhase;
			buildActionMask = 2147483647;
			files = (
				6A1760C61D491F9800A50A95 /* DeeepTests.swift in Sources */,
			);
			runOnlyForDeploymentPostprocessing = 0;
		};
/* End PBXSourcesBuildPhase section */

/* Begin PBXTargetDependency section */
		6A1760C31D491F9800A50A95 /* PBXTargetDependency */ = {
			isa = PBXTargetDependency;
			target = 6A1760AC1D491F9800A50A95 /* Deeep */;
			targetProxy = 6A1760C21D491F9800A50A95 /* PBXContainerItemProxy */;
		};
/* End PBXTargetDependency section */

/* Begin PBXVariantGroup section */
		6A1760B41D491F9800A50A95 /* Main.storyboard */ = {
			isa = PBXVariantGroup;
			children = (
				6A1760B51D491F9800A50A95 /* Base */,
			);
			name = Main.storyboard;
			sourceTree = "<group>";
		};
		6A1760B91D491F9800A50A95 /* LaunchScreen.storyboard */ = {
			isa = PBXVariantGroup;
			children = (
				6A1760BA1D491F9800A50A95 /* Base */,
			);
			name = LaunchScreen.storyboard;
			sourceTree = "<group>";
		};
/* End PBXVariantGroup section */

/* Begin XCBuildConfiguration section */
		6A1760C81D491F9800A50A95 /* Debug */ = {
			isa = XCBuildConfiguration;
			buildSettings = {
				ALWAYS_SEARCH_USER_PATHS = NO;
				CLANG_ANALYZER_NONNULL = YES;
				CLANG_CXX_LANGUAGE_STANDARD = "gnu++0x";
				CLANG_CXX_LIBRARY = "libc++";
				CLANG_ENABLE_MODULES = YES;
				CLANG_ENABLE_OBJC_ARC = YES;
				CLANG_WARN_BOOL_CONVERSION = YES;
				CLANG_WARN_CONSTANT_CONVERSION = YES;
				CLANG_WARN_DIRECT_OBJC_ISA_USAGE = YES_ERROR;
				CLANG_WARN_EMPTY_BODY = YES;
				CLANG_WARN_ENUM_CONVERSION = YES;
				CLANG_WARN_INT_CONVERSION = YES;
				CLANG_WARN_OBJC_ROOT_CLASS = YES_ERROR;
				CLANG_WARN_UNREACHABLE_CODE = YES;
				CLANG_WARN__DUPLICATE_METHOD_MATCH = YES;
				"CODE_SIGN_IDENTITY[sdk=iphoneos*]" = "iPhone Developer";
				COPY_PHASE_STRIP = NO;
				DEBUG_INFORMATION_FORMAT = dwarf;
				ENABLE_STRICT_OBJC_MSGSEND = YES;
				ENABLE_TESTABILITY = YES;
				GCC_C_LANGUAGE_STANDARD = gnu99;
				GCC_DYNAMIC_NO_PIC = NO;
				GCC_NO_COMMON_BLOCKS = YES;
				GCC_OPTIMIZATION_LEVEL = 0;
				GCC_PREPROCESSOR_DEFINITIONS = (
					"DEBUG=1",
					"$(inherited)",
				);
				GCC_WARN_64_TO_32_BIT_CONVERSION = YES;
				GCC_WARN_ABOUT_RETURN_TYPE = YES_ERROR;
				GCC_WARN_UNDECLARED_SELECTOR = YES;
				GCC_WARN_UNINITIALIZED_AUTOS = YES_AGGRESSIVE;
				GCC_WARN_UNUSED_FUNCTION = YES;
				GCC_WARN_UNUSED_VARIABLE = YES;
				IPHONEOS_DEPLOYMENT_TARGET = 9.3;
				MTL_ENABLE_DEBUG_INFO = YES;
				ONLY_ACTIVE_ARCH = YES;
				SDKROOT = iphoneos;
				SWIFT_OPTIMIZATION_LEVEL = "-Onone";
				TARGETED_DEVICE_FAMILY = "1,2";
			};
			name = Debug;
		};
		6A1760C91D491F9800A50A95 /* Release */ = {
			isa = XCBuildConfiguration;
			buildSettings = {
				ALWAYS_SEARCH_USER_PATHS = NO;
				CLANG_ANALYZER_NONNULL = YES;
				CLANG_CXX_LANGUAGE_STANDARD = "gnu++0x";
				CLANG_CXX_LIBRARY = "libc++";
				CLANG_ENABLE_MODULES = YES;
				CLANG_ENABLE_OBJC_ARC = YES;
				CLANG_WARN_BOOL_CONVERSION = YES;
				CLANG_WARN_CONSTANT_CONVERSION = YES;
				CLANG_WARN_DIRECT_OBJC_ISA_USAGE = YES_ERROR;
				CLANG_WARN_EMPTY_BODY = YES;
				CLANG_WARN_ENUM_CONVERSION = YES;
				CLANG_WARN_INT_CONVERSION = YES;
				CLANG_WARN_OBJC_ROOT_CLASS = YES_ERROR;
				CLANG_WARN_UNREACHABLE_CODE = YES;
				CLANG_WARN__DUPLICATE_METHOD_MATCH = YES;
				"CODE_SIGN_IDENTITY[sdk=iphoneos*]" = "iPhone Developer";
				COPY_PHASE_STRIP = NO;
				DEBUG_INFORMATION_FORMAT = "dwarf-with-dsym";
				ENABLE_NS_ASSERTIONS = NO;
				ENABLE_STRICT_OBJC_MSGSEND = YES;
				GCC_C_LANGUAGE_STANDARD = gnu99;
				GCC_NO_COMMON_BLOCKS = YES;
				GCC_WARN_64_TO_32_BIT_CONVERSION = YES;
				GCC_WARN_ABOUT_RETURN_TYPE = YES_ERROR;
				GCC_WARN_UNDECLARED_SELECTOR = YES;
				GCC_WARN_UNINITIALIZED_AUTOS = YES_AGGRESSIVE;
				GCC_WARN_UNUSED_FUNCTION = YES;
				GCC_WARN_UNUSED_VARIABLE = YES;
				IPHONEOS_DEPLOYMENT_TARGET = 9.3;
				MTL_ENABLE_DEBUG_INFO = NO;
				SDKROOT = iphoneos;
				TARGETED_DEVICE_FAMILY = "1,2";
				VALIDATE_PRODUCT = YES;
			};
			name = Release;
		};
		6A1760CB1D491F9800A50A95 /* Debug */ = {
			isa = XCBuildConfiguration;
			buildSettings = {
				ASSETCATALOG_COMPILER_APPICON_NAME = AppIcon;
				INFOPLIST_FILE = Deeep/Info.plist;
				LD_RUNPATH_SEARCH_PATHS = "$(inherited) @executable_path/Frameworks";
				PRODUCT_BUNDLE_IDENTIFIER = com.n3tr.Deeep;
				PRODUCT_NAME = "$(TARGET_NAME)";
			};
			name = Debug;
		};
		6A1760CC1D491F9800A50A95 /* Release */ = {
			isa = XCBuildConfiguration;
			buildSettings = {
				ASSETCATALOG_COMPILER_APPICON_NAME = AppIcon;
				INFOPLIST_FILE = Deeep/Info.plist;
				LD_RUNPATH_SEARCH_PATHS = "$(inherited) @executable_path/Frameworks";
				PRODUCT_BUNDLE_IDENTIFIER = com.n3tr.Deeep;
				PRODUCT_NAME = "$(TARGET_NAME)";
			};
			name = Release;
		};
		6A1760CE1D491F9800A50A95 /* Debug */ = {
			isa = XCBuildConfiguration;
			buildSettings = {
				BUNDLE_LOADER = "$(TEST_HOST)";
				INFOPLIST_FILE = DeeepTests/Info.plist;
				LD_RUNPATH_SEARCH_PATHS = "$(inherited) @executable_path/Frameworks @loader_path/Frameworks";
				PRODUCT_BUNDLE_IDENTIFIER = com.n3tr.DeeepTests;
				PRODUCT_NAME = "$(TARGET_NAME)";
				TEST_HOST = "$(BUILT_PRODUCTS_DIR)/Deeep.app/Deeep";
			};
			name = Debug;
		};
		6A1760CF1D491F9800A50A95 /* Release */ = {
			isa = XCBuildConfiguration;
			buildSettings = {
				BUNDLE_LOADER = "$(TEST_HOST)";
				INFOPLIST_FILE = DeeepTests/Info.plist;
				LD_RUNPATH_SEARCH_PATHS = "$(inherited) @executable_path/Frameworks @loader_path/Frameworks";
				PRODUCT_BUNDLE_IDENTIFIER = com.n3tr.DeeepTests;
				PRODUCT_NAME = "$(TARGET_NAME)";
				TEST_HOST = "$(BUILT_PRODUCTS_DIR)/Deeep.app/Deeep";
			};
			name = Release;
		};
/* End XCBuildConfiguration section */

/* Begin XCConfigurationList section */
		6A1760A81D491F9800A50A95 /* Build configuration list for PBXProject "Deeep" */ = {
			isa = XCConfigurationList;
			buildConfigurations = (
				6A1760C81D491F9800A50A95 /* Debug */,
				6A1760C91D491F9800A50A95 /* Release */,
			);
			defaultConfigurationIsVisible = 0;
			defaultConfigurationName = Release;
		};
		6A1760CA1D491F9800A50A95 /* Build configuration list for PBXNativeTarget "Deeep" */ = {
			isa = XCConfigurationList;
			buildConfigurations = (
				6A1760CB1D491F9800A50A95 /* Debug */,
				6A1760CC1D491F9800A50A95 /* Release */,
			);
			defaultConfigurationIsVisible = 0;
		};
		6A1760CD1D491F9800A50A95 /* Build configuration list for PBXNativeTarget "DeeepTests" */ = {
			isa = XCConfigurationList;
			buildConfigurations = (
				6A1760CE1D491F9800A50A95 /* Debug */,
				6A1760CF1D491F9800A50A95 /* Release */,
			);
			defaultConfigurationIsVisible = 0;
		};
/* End XCConfigurationList section */
	};
	rootObject = 6A1760A51D491F9800A50A95 /* Project object */;
}
